
Microsoft Visual Studio Solution File, Format Version 12.00
# Visual Studio Version 17
VisualStudioVersion = 17.13.35806.99 d17.13
MinimumVisualStudioVersion = 10.0.40219.1
Project("{FAE04EC0-301F-11D3-BF4B-00C04F79EFBC}") = "JoseApiRest", "JoseApiRest\JoseApiRest.csproj", "{B0FDC6AC-8FDF-4B06-A413-1BF5F62BDAB1}"
EndProject
Global
	GlobalSection(SolutionConfigurationPlatforms) = preSolution
		Debug|Any CPU = Debug|Any CPU
		Release|Any CPU = Release|Any CPU
	EndGlobalSection
	GlobalSection(ProjectConfigurationPlatforms) = postSolution
		{B0FDC6AC-8FDF-4B06-A413-1BF5F62BDAB1}.Debug|Any CPU.ActiveCfg = Debug|Any CPU
		{B0FDC6AC-8FDF-4B06-A413-1BF5F62BDAB1}.Debug|Any CPU.Build.0 = Debug|Any CPU
		{B0FDC6AC-8FDF-4B06-A413-1BF5F62BDAB1}.Release|Any CPU.ActiveCfg = Release|Any CPU
		{B0FDC6AC-8FDF-4B06-A413-1BF5F62BDAB1}.Release|Any CPU.Build.0 = Release|Any CPU
	EndGlobalSection
	GlobalSection(SolutionProperties) = preSolution
		HideSolutionNode = FALSE
	EndGlobalSection
	GlobalSection(ExtensibilityGlobals) = postSolution
		SolutionGuid = {67B9A7C7-D33D-4C9F-8E16-4E0BB514423C}
	EndGlobalSection
EndGlobal
